
Microsoft Visual Studio Solution File, Format Version 12.00
# Visual Studio Version 16
VisualStudioVersion = 16.0.29613.14
MinimumVisualStudioVersion = 10.0.40219.1
Project("{FAE04EC0-301F-11D3-BF4B-00C04F79EFBC}") = "Arcana.Domain", "Arcana.Domain\Arcana.Domain.csproj", "{AFE2DB77-E107-4615-B394-86C3B1D29653}"
EndProject
Project("{FAE04EC0-301F-11D3-BF4B-00C04F79EFBC}") = "Arcana.Infrastructure.Database", "Arcana.Infrastructure.Database\Arcana.Infrastructure.Database.csproj", "{CC68C2C2-0C1F-4E57-B09E-5092F4DFDEA6}"
EndProject
Project("{FAE04EC0-301F-11D3-BF4B-00C04F79EFBC}") = "Arcana.Application", "Arcana.Application\Arcana.Application.csproj", "{404724FD-82BF-401E-A3E8-FF11915E63F2}"
EndProject
Project("{FAE04EC0-301F-11D3-BF4B-00C04F79EFBC}") = "Arcana.Util", "Arcana.Util\Arcana.Util.csproj", "{FA333F01-1820-4824-8C94-7FEA04E3943A}"
EndProject
Global
	GlobalSection(SolutionConfigurationPlatforms) = preSolution
		Debug|Any CPU = Debug|Any CPU
		Release|Any CPU = Release|Any CPU
	EndGlobalSection
	GlobalSection(ProjectConfigurationPlatforms) = postSolution
		{AFE2DB77-E107-4615-B394-86C3B1D29653}.Debug|Any CPU.ActiveCfg = Debug|Any CPU
		{AFE2DB77-E107-4615-B394-86C3B1D29653}.Debug|Any CPU.Build.0 = Debug|Any CPU
		{AFE2DB77-E107-4615-B394-86C3B1D29653}.Release|Any CPU.ActiveCfg = Release|Any CPU
		{AFE2DB77-E107-4615-B394-86C3B1D29653}.Release|Any CPU.Build.0 = Release|Any CPU
		{CC68C2C2-0C1F-4E57-B09E-5092F4DFDEA6}.Debug|Any CPU.ActiveCfg = Debug|Any CPU
		{CC68C2C2-0C1F-4E57-B09E-5092F4DFDEA6}.Debug|Any CPU.Build.0 = Debug|Any CPU
		{CC68C2C2-0C1F-4E57-B09E-5092F4DFDEA6}.Release|Any CPU.ActiveCfg = Release|Any CPU
		{CC68C2C2-0C1F-4E57-B09E-5092F4DFDEA6}.Release|Any CPU.Build.0 = Release|Any CPU
		{404724FD-82BF-401E-A3E8-FF11915E63F2}.Debug|Any CPU.ActiveCfg = Debug|Any CPU
		{404724FD-82BF-401E-A3E8-FF11915E63F2}.Debug|Any CPU.Build.0 = Debug|Any CPU
		{404724FD-82BF-401E-A3E8-FF11915E63F2}.Release|Any CPU.ActiveCfg = Release|Any CPU
		{404724FD-82BF-401E-A3E8-FF11915E63F2}.Release|Any CPU.Build.0 = Release|Any CPU
		{FA333F01-1820-4824-8C94-7FEA04E3943A}.Debug|Any CPU.ActiveCfg = Debug|Any CPU
		{FA333F01-1820-4824-8C94-7FEA04E3943A}.Debug|Any CPU.Build.0 = Debug|Any CPU
		{FA333F01-1820-4824-8C94-7FEA04E3943A}.Release|Any CPU.ActiveCfg = Release|Any CPU
		{FA333F01-1820-4824-8C94-7FEA04E3943A}.Release|Any CPU.Build.0 = Release|Any CPU
	EndGlobalSection
	GlobalSection(SolutionProperties) = preSolution
		HideSolutionNode = FALSE
	EndGlobalSection
	GlobalSection(ExtensibilityGlobals) = postSolution
		SolutionGuid = {7FED2D06-B4D3-48FC-8E65-849B3E60ED0B}
	EndGlobalSection
EndGlobal
